
Microsoft Visual Studio Solution File, Format Version 12.00
# Visual Studio Version 17
VisualStudioVersion = 17.5.33424.131
MinimumVisualStudioVersion = 10.0.40219.1
Project("{FAE04EC0-301F-11D3-BF4B-00C04F79EFBC}") = "Notes.API", "Notes.API\Notes.API.csproj", "{0479EAA5-C916-420F-A969-A4B6F2E275FE}"
EndProject
Global
	GlobalSection(SolutionConfigurationPlatforms) = preSolution
		Debug|Any CPU = Debug|Any CPU
		Release|Any CPU = Release|Any CPU
	EndGlobalSection
	GlobalSection(ProjectConfigurationPlatforms) = postSolution
		{0479EAA5-C916-420F-A969-A4B6F2E275FE}.Debug|Any CPU.ActiveCfg = Debug|Any CPU
		{0479EAA5-C916-420F-A969-A4B6F2E275FE}.Debug|Any CPU.Build.0 = Debug|Any CPU
		{0479EAA5-C916-420F-A969-A4B6F2E275FE}.Release|Any CPU.ActiveCfg = Release|Any CPU
		{0479EAA5-C916-420F-A969-A4B6F2E275FE}.Release|Any CPU.Build.0 = Release|Any CPU
	EndGlobalSection
	GlobalSection(SolutionProperties) = preSolution
		HideSolutionNode = FALSE
	EndGlobalSection
	GlobalSection(ExtensibilityGlobals) = postSolution
		SolutionGuid = {9029A42D-190E-4F72-8E0D-19C7291D9D57}
	EndGlobalSection
EndGlobal
